
Microsoft Visual Studio Solution File, Format Version 12.00
# Visual Studio Version 16
VisualStudioVersion = 16.0.30621.155
MinimumVisualStudioVersion = 10.0.40219.1
Project("{8BC9CEB8-8B4A-11D0-8D11-00A0C91BC942}") = "GroundedBox", "GroundedBox.vcxproj", "{6C395C05-862C-4EBF-B2AC-394D7DDDF5D7}"
EndProject
Global
	GlobalSection(SolutionConfigurationPlatforms) = preSolution
		Debug|x64 = Debug|x64
		Debug|x86 = Debug|x86
		Release|x64 = Release|x64
		Release|x86 = Release|x86
	EndGlobalSection
	GlobalSection(ProjectConfigurationPlatforms) = postSolution
		{6C395C05-862C-4EBF-B2AC-394D7DDDF5D7}.Debug|x64.ActiveCfg = Debug|x64
		{6C395C05-862C-4EBF-B2AC-394D7DDDF5D7}.Debug|x64.Build.0 = Debug|x64
		{6C395C05-862C-4EBF-B2AC-394D7DDDF5D7}.Debug|x86.ActiveCfg = Debug|Win32
		{6C395C05-862C-4EBF-B2AC-394D7DDDF5D7}.Debug|x86.Build.0 = Debug|Win32
		{6C395C05-862C-4EBF-B2AC-394D7DDDF5D7}.Release|x64.ActiveCfg = Release|x64
		{6C395C05-862C-4EBF-B2AC-394D7DDDF5D7}.Release|x64.Build.0 = Release|x64
		{6C395C05-862C-4EBF-B2AC-394D7DDDF5D7}.Release|x86.ActiveCfg = Release|Win32
		{6C395C05-862C-4EBF-B2AC-394D7DDDF5D7}.Release|x86.Build.0 = Release|Win32
	EndGlobalSection
	GlobalSection(SolutionProperties) = preSolution
		HideSolutionNode = FALSE
	EndGlobalSection
	GlobalSection(ExtensibilityGlobals) = postSolution
		SolutionGuid = {012F5009-0924-4612-905D-7D8643A5F33E}
	EndGlobalSection
EndGlobal
